// !$*UTF8*$!
{
	archiveVersion = 1;
	classes = {
	};
	objectVersion = 50;
	objects = {

/* Begin PBXBuildFile section */
		8EEED10226023ABD006D02D9 /* AppDelegate.swift in Sources */ = {isa = PBXBuildFile; fileRef = 8EEED10126023ABD006D02D9 /* AppDelegate.swift */; };
		8EEED10426023ABD006D02D9 /* SceneDelegate.swift in Sources */ = {isa = PBXBuildFile; fileRef = 8EEED10326023ABD006D02D9 /* SceneDelegate.swift */; };
		8EEED10626023ABD006D02D9 /* ViewController.swift in Sources */ = {isa = PBXBuildFile; fileRef = 8EEED10526023ABD006D02D9 /* ViewController.swift */; };
		8EEED10926023ABD006D02D9 /* Main.storyboard in Resources */ = {isa = PBXBuildFile; fileRef = 8EEED10726023ABD006D02D9 /* Main.storyboard */; };
		8EEED10B26023AC0006D02D9 /* Assets.xcassets in Resources */ = {isa = PBXBuildFile; fileRef = 8EEED10A26023AC0006D02D9 /* Assets.xcassets */; };
		8EEED10E26023AC0006D02D9 /* LaunchScreen.storyboard in Resources */ = {isa = PBXBuildFile; fileRef = 8EEED10C26023AC0006D02D9 /* LaunchScreen.storyboard */; };
		8EEED11726023AD5006D02D9 /* XJ.gpx in Resources */ = {isa = PBXBuildFile; fileRef = 8EEED11626023AD5006D02D9 /* XJ.gpx */; };
/* End PBXBuildFile section */

/* Begin PBXFileReference section */
		8EEED0FE26023ABD006D02D9 /* MockLocation.app */ = {isa = PBXFileReference; explicitFileType = wrapper.application; includeInIndex = 0; path = MockLocation.app; sourceTree = BUILT_PRODUCTS_DIR; };
		8EEED10126023ABD006D02D9 /* AppDelegate.swift */ = {isa = PBXFileReference; lastKnownFileType = sourcecode.swift; path = AppDelegate.swift; sourceTree = "<group>"; };
		8EEED10326023ABD006D02D9 /* SceneDelegate.swift */ = {isa = PBXFileReference; lastKnownFileType = sourcecode.swift; path = SceneDelegate.swift; sourceTree = "<group>"; };
		8EEED10526023ABD006D02D9 /* ViewController.swift */ = {isa = PBXFileReference; lastKnownFileType = sourcecode.swift; path = ViewController.swift; sourceTree = "<group>"; };
		8EEED10826023ABD006D02D9 /* Base */ = {isa = PBXFileReference; lastKnownFileType = file.storyboard; name = Base; path = Base.lproj/Main.storyboard; sourceTree = "<group>"; };
		8EEED10A26023AC0006D02D9 /* Assets.xcassets */ = {isa = PBXFileReference; lastKnownFileType = folder.assetcatalog; path = Assets.xcassets; sourceTree = "<group>"; };
		8EEED10D26023AC0006D02D9 /* Base */ = {isa = PBXFileReference; lastKnownFileType = file.storyboard; name = Base; path = Base.lproj/LaunchScreen.storyboard; sourceTree = "<group>"; };
		8EEED10F26023AC0006D02D9 /* Info.plist */ = {isa = PBXFileReference; lastKnownFileType = text.plist.xml; path = Info.plist; sourceTree = "<group>"; };
		8EEED11626023AD5006D02D9 /* XJ.gpx */ = {isa = PBXFileReference; fileEncoding = 4; lastKnownFileType = text.xml; path = XJ.gpx; sourceTree = "<group>"; };
/* End PBXFileReference section */

/* Begin PBXFrameworksBuildPhase section */
		8EEED0FB26023ABD006D02D9 /* Frameworks */ = {
			isa = PBXFrameworksBuildPhase;
			buildActionMask = 2147483647;
			files = (
			);
			runOnlyForDeploymentPostprocessing = 0;
		};
/* End PBXFrameworksBuildPhase section */

/* Begin PBXGroup section */
		8EEED0F526023ABD006D02D9 = {
			isa = PBXGroup;
			children = (
				8EEED10026023ABD006D02D9 /* MockLocation */,
				8EEED0FF26023ABD006D02D9 /* Products */,
			);
			sourceTree = "<group>";
		};
		8EEED0FF26023ABD006D02D9 /* Products */ = {
			isa = PBXGroup;
			children = (
				8EEED0FE26023ABD006D02D9 /* MockLocation.app */,
			);
			name = Products;
			sourceTree = "<group>";
		};
		8EEED10026023ABD006D02D9 /* MockLocation */ = {
			isa = PBXGroup;
			children = (
				8EEED11626023AD5006D02D9 /* XJ.gpx */,
				8EEED10126023ABD006D02D9 /* AppDelegate.swift */,
				8EEED10326023ABD006D02D9 /* SceneDelegate.swift */,
				8EEED10526023ABD006D02D9 /* ViewController.swift */,
				8EEED10726023ABD006D02D9 /* Main.storyboard */,
				8EEED10A26023AC0006D02D9 /* Assets.xcassets */,
				8EEED10C26023AC0006D02D9 /* LaunchScreen.storyboard */,
				8EEED10F26023AC0006D02D9 /* Info.plist */,
			);
			path = MockLocation;
			sourceTree = "<group>";
		};
/* End PBXGroup section */

/* Begin PBXNativeTarget section */
		8EEED0FD26023ABD006D02D9 /* MockLocation */ = {
			isa = PBXNativeTarget;
			buildConfigurationList = 8EEED11226023AC0006D02D9 /* Build configuration list for PBXNativeTarget "MockLocation" */;
			buildPhases = (
				8EEED0FA26023ABD006D02D9 /* Sources */,
				8EEED0FB26023ABD006D02D9 /* Frameworks */,
				8EEED0FC26023ABD006D02D9 /* Resources */,
			);
			buildRules = (
			);
			dependencies = (
			);
			name = MockLocation;
			productName = MockLocation;
			productReference = 8EEED0FE26023ABD006D02D9 /* MockLocation.app */;
			productType = "com.apple.product-type.application";
		};
/* End PBXNativeTarget section */

/* Begin PBXProject section */
		8EEED0F626023ABD006D02D9 /* Project object */ = {
			isa = PBXProject;
			attributes = {
				LastSwiftUpdateCheck = 1240;
				LastUpgradeCheck = 1240;
				TargetAttributes = {
					8EEED0FD26023ABD006D02D9 = {
						CreatedOnToolsVersion = 12.4;
					};
				};
			};
			buildConfigurationList = 8EEED0F926023ABD006D02D9 /* Build configuration list for PBXProject "MockLocation" */;
			compatibilityVersion = "Xcode 9.3";
			developmentRegion = en;
			hasScannedForEncodings = 0;
			knownRegions = (
				en,
				Base,
			);
			mainGroup = 8EEED0F526023ABD006D02D9;
			productRefGroup = 8EEED0FF26023ABD006D02D9 /* Products */;
			projectDirPath = "";
			projectRoot = "";
			targets = (
				8EEED0FD26023ABD006D02D9 /* MockLocation */,
			);
		};
/* End PBXProject section */

/* Begin PBXResourcesBuildPhase section */
		8EEED0FC26023ABD006D02D9 /* Resources */ = {
			isa = PBXResourcesBuildPhase;
			buildActionMask = 2147483647;
			files = (
				8EEED10E26023AC0006D02D9 /* LaunchScreen.storyboard in Resources */,
				8EEED11726023AD5006D02D9 /* XJ.gpx in Resources */,
				8EEED10B26023AC0006D02D9 /* Assets.xcassets in Resources */,
				8EEED10926023ABD006D02D9 /* Main.storyboard in Resources */,
			);
			runOnlyForDeploymentPostprocessing = 0;
		};
/* End PBXResourcesBuildPhase section */

/* Begin PBXSourcesBuildPhase section */
		8EEED0FA26023ABD006D02D9 /* Sources */ = {
			isa = PBXSourcesBuildPhase;
			buildActionMask = 2147483647;
			files = (
				8EEED10626023ABD006D02D9 /* ViewController.swift in Sources */,
				8EEED10226023ABD006D02D9 /* AppDelegate.swift in Sources */,
				8EEED10426023ABD006D02D9 /* SceneDelegate.swift in Sources */,
			);
			runOnlyForDeploymentPostprocessing = 0;
		};
/* End PBXSourcesBuildPhase section */

/* Begin PBXVariantGroup section */
		8EEED10726023ABD006D02D9 /* Main.storyboard */ = {
			isa = PBXVariantGroup;
			children = (
				8EEED10826023ABD006D02D9 /* Base */,
			);
			name = Main.storyboard;
			sourceTree = "<group>";
		};
		8EEED10C26023AC0006D02D9 /* LaunchScreen.storyboard */ = {
			isa = PBXVariantGroup;
			children = (
				8EEED10D26023AC0006D02D9 /* Base */,
			);
			name = LaunchScreen.storyboard;
			sourceTree = "<group>";
		};
/* End PBXVariantGroup section */

/* Begin XCBuildConfiguration section */
		8EEED11026023AC0006D02D9 /* Debug */ = {
			isa = XCBuildConfiguration;
			buildSettings = {
				ALWAYS_SEARCH_USER_PATHS = NO;
				CLANG_ANALYZER_NONNULL = YES;
				CLANG_ANALYZER_NUMBER_OBJECT_CONVERSION = YES_AGGRESSIVE;
				CLANG_CXX_LANGUAGE_STANDARD = "gnu++14";
				CLANG_CXX_LIBRARY = "libc++";
				CLANG_ENABLE_MODULES = YES;
				CLANG_ENABLE_OBJC_ARC = YES;
				CLANG_ENABLE_OBJC_WEAK = YES;
				CLANG_WARN_BLOCK_CAPTURE_AUTORELEASING = YES;
				CLANG_WARN_BOOL_CONVERSION = YES;
				CLANG_WARN_COMMA = YES;
				CLANG_WARN_CONSTANT_CONVERSION = YES;
				CLANG_WARN_DEPRECATED_OBJC_IMPLEMENTATIONS = YES;
				CLANG_WARN_DIRECT_OBJC_ISA_USAGE = YES_ERROR;
				CLANG_WARN_DOCUMENTATION_COMMENTS = YES;
				CLANG_WARN_EMPTY_BODY = YES;
				CLANG_WARN_ENUM_CONVERSION = YES;
				CLANG_WARN_INFINITE_RECURSION = YES;
				CLANG_WARN_INT_CONVERSION = YES;
				CLANG_WARN_NON_LITERAL_NULL_CONVERSION = YES;
				CLANG_WARN_OBJC_IMPLICIT_RETAIN_SELF = YES;
				CLANG_WARN_OBJC_LITERAL_CONVERSION = YES;
				CLANG_WARN_OBJC_ROOT_CLASS = YES_ERROR;
				CLANG_WARN_QUOTED_INCLUDE_IN_FRAMEWORK_HEADER = YES;
				CLANG_WARN_RANGE_LOOP_ANALYSIS = YES;
				CLANG_WARN_STRICT_PROTOTYPES = YES;
				CLANG_WARN_SUSPICIOUS_MOVE = YES;
				CLANG_WARN_UNGUARDED_AVAILABILITY = YES_AGGRESSIVE;
				CLANG_WARN_UNREACHABLE_CODE = YES;
				CLANG_WARN__DUPLICATE_METHOD_MATCH = YES;
				COPY_PHASE_STRIP = NO;
				DEBUG_INFORMATION_FORMAT = dwarf;
				ENABLE_STRICT_OBJC_MSGSEND = YES;
				ENABLE_TESTABILITY = YES;
				GCC_C_LANGUAGE_STANDARD = gnu11;
				GCC_DYNAMIC_NO_PIC = NO;
				GCC_NO_COMMON_BLOCKS = YES;
				GCC_OPTIMIZATION_LEVEL = 0;
				GCC_PREPROCESSOR_DEFINITIONS = (
					"DEBUG=1",
					"$(inherited)",
				);
				GCC_WARN_64_TO_32_BIT_CONVERSION = YES;
				GCC_WARN_ABOUT_RETURN_TYPE = YES_ERROR;
				GCC_WARN_UNDECLARED_SELECTOR = YES;
				GCC_WARN_UNINITIALIZED_AUTOS = YES_AGGRESSIVE;
				GCC_WARN_UNUSED_FUNCTION = YES;
				GCC_WARN_UNUSED_VARIABLE = YES;
				IPHONEOS_DEPLOYMENT_TARGET = 14.4;
				MTL_ENABLE_DEBUG_INFO = INCLUDE_SOURCE;
				MTL_FAST_MATH = YES;
				ONLY_ACTIVE_ARCH = YES;
				SDKROOT = iphoneos;
				SWIFT_ACTIVE_COMPILATION_CONDITIONS = DEBUG;
				SWIFT_OPTIMIZATION_LEVEL = "-Onone";
			};
			name = Debug;
		};
		8EEED11126023AC0006D02D9 /* Release */ = {
			isa = XCBuildConfiguration;
			buildSettings = {
				ALWAYS_SEARCH_USER_PATHS = NO;
				CLANG_ANALYZER_NONNULL = YES;
				CLANG_ANALYZER_NUMBER_OBJECT_CONVERSION = YES_AGGRESSIVE;
				CLANG_CXX_LANGUAGE_STANDARD = "gnu++14";
				CLANG_CXX_LIBRARY = "libc++";
				CLANG_ENABLE_MODULES = YES;
				CLANG_ENABLE_OBJC_ARC = YES;
				CLANG_ENABLE_OBJC_WEAK = YES;
				CLANG_WARN_BLOCK_CAPTURE_AUTORELEASING = YES;
				CLANG_WARN_BOOL_CONVERSION = YES;
				CLANG_WARN_COMMA = YES;
				CLANG_WARN_CONSTANT_CONVERSION = YES;
				CLANG_WARN_DEPRECATED_OBJC_IMPLEMENTATIONS = YES;
				CLANG_WARN_DIRECT_OBJC_ISA_USAGE = YES_ERROR;
				CLANG_WARN_DOCUMENTATION_COMMENTS = YES;
				CLANG_WARN_EMPTY_BODY = YES;
				CLANG_WARN_ENUM_CONVERSION = YES;
				CLANG_WARN_INFINITE_RECURSION = YES;
				CLANG_WARN_INT_CONVERSION = YES;
				CLANG_WARN_NON_LITERAL_NULL_CONVERSION = YES;
				CLANG_WARN_OBJC_IMPLICIT_RETAIN_SELF = YES;
				CLANG_WARN_OBJC_LITERAL_CONVERSION = YES;
				CLANG_WARN_OBJC_ROOT_CLASS = YES_ERROR;
				CLANG_WARN_QUOTED_INCLUDE_IN_FRAMEWORK_HEADER = YES;
				CLANG_WARN_RANGE_LOOP_ANALYSIS = YES;
				CLANG_WARN_STRICT_PROTOTYPES = YES;
				CLANG_WARN_SUSPICIOUS_MOVE = YES;
				CLANG_WARN_UNGUARDED_AVAILABILITY = YES_AGGRESSIVE;
				CLANG_WARN_UNREACHABLE_CODE = YES;
				CLANG_WARN__DUPLICATE_METHOD_MATCH = YES;
				COPY_PHASE_STRIP = NO;
				DEBUG_INFORMATION_FORMAT = "dwarf-with-dsym";
				ENABLE_NS_ASSERTIONS = NO;
				ENABLE_STRICT_OBJC_MSGSEND = YES;
				GCC_C_LANGUAGE_STANDARD = gnu11;
				GCC_NO_COMMON_BLOCKS = YES;
				GCC_WARN_64_TO_32_BIT_CONVERSION = YES;
				GCC_WARN_ABOUT_RETURN_TYPE = YES_ERROR;
				GCC_WARN_UNDECLARED_SELECTOR = YES;
				GCC_WARN_UNINITIALIZED_AUTOS = YES_AGGRESSIVE;
				GCC_WARN_UNUSED_FUNCTION = YES;
				GCC_WARN_UNUSED_VARIABLE = YES;
				IPHONEOS_DEPLOYMENT_TARGET = 14.4;
				MTL_ENABLE_DEBUG_INFO = NO;
				MTL_FAST_MATH = YES;
				SDKROOT = iphoneos;
				SWIFT_COMPILATION_MODE = wholemodule;
				SWIFT_OPTIMIZATION_LEVEL = "-O";
				VALIDATE_PRODUCT = YES;
			};
			name = Release;
		};
		8EEED11326023AC0006D02D9 /* Debug */ = {
			isa = XCBuildConfiguration;
			buildSettings = {
				ASSETCATALOG_COMPILER_APPICON_NAME = AppIcon;
				ASSETCATALOG_COMPILER_GLOBAL_ACCENT_COLOR_NAME = AccentColor;
				CODE_SIGN_STYLE = Automatic;
				INFOPLIST_FILE = MockLocation/Info.plist;
				LD_RUNPATH_SEARCH_PATHS = (
					"$(inherited)",
					"@executable_path/Frameworks",
				);
				PRODUCT_BUNDLE_IDENTIFIER = com.yzf.MockLocation;
				PRODUCT_NAME = "$(TARGET_NAME)";
				SWIFT_VERSION = 5.0;
				TARGETED_DEVICE_FAMILY = "1,2";
			};
			name = Debug;
		};
		8EEED11426023AC0006D02D9 /* Release */ = {
			isa = XCBuildConfiguration;
			buildSettings = {
				ASSETCATALOG_COMPILER_APPICON_NAME = AppIcon;
				ASSETCATALOG_COMPILER_GLOBAL_ACCENT_COLOR_NAME = AccentColor;
				CODE_SIGN_STYLE = Automatic;
				INFOPLIST_FILE = MockLocation/Info.plist;
				LD_RUNPATH_SEARCH_PATHS = (
					"$(inherited)",
					"@executable_path/Frameworks",
				);
				PRODUCT_BUNDLE_IDENTIFIER = com.yzf.MockLocation;
				PRODUCT_NAME = "$(TARGET_NAME)";
				SWIFT_VERSION = 5.0;
				TARGETED_DEVICE_FAMILY = "1,2";
			};
			name = Release;
		};
/* End XCBuildConfiguration section */

/* Begin XCConfigurationList section */
		8EEED0F926023ABD006D02D9 /* Build configuration list for PBXProject "MockLocation" */ = {
			isa = XCConfigurationList;
			buildConfigurations = (
				8EEED11026023AC0006D02D9 /* Debug */,
				8EEED11126023AC0006D02D9 /* Release */,
			);
			defaultConfigurationIsVisible = 0;
			defaultConfigurationName = Release;
		};
		8EEED11226023AC0006D02D9 /* Build configuration list for PBXNativeTarget "MockLocation" */ = {
			isa = XCConfigurationList;
			buildConfigurations = (
				8EEED11326023AC0006D02D9 /* Debug */,
				8EEED11426023AC0006D02D9 /* Release */,
			);
			defaultConfigurationIsVisible = 0;
			defaultConfigurationName = Release;
		};
/* End XCConfigurationList section */
	};
	rootObject = 8EEED0F626023ABD006D02D9 /* Project object */;
}
